
Microsoft Visual Studio Solution File, Format Version 12.00
# Visual Studio Version 16
VisualStudioVersion = 16.0.29230.47
MinimumVisualStudioVersion = 10.0.40219.1
Project("{8BC9CEB8-8B4A-11D0-8D11-00A0C91BC942}") = "darkroom", "darkroom.vcxproj", "{7C92145E-9F68-3EB8-86BC-E3D77C2B0467}"
EndProject
Global
	GlobalSection(SolutionConfigurationPlatforms) = preSolution
		Debug|x64 = Debug|x64
		Release|x64 = Release|x64
	EndGlobalSection
	GlobalSection(ProjectConfigurationPlatforms) = postSolution
		{7C92145E-9F68-3EB8-86BC-E3D77C2B0467}.Debug|x64.ActiveCfg = Debug|x64
		{7C92145E-9F68-3EB8-86BC-E3D77C2B0467}.Debug|x64.Build.0 = Debug|x64
		{7C92145E-9F68-3EB8-86BC-E3D77C2B0467}.Release|x64.ActiveCfg = Release|x64
		{7C92145E-9F68-3EB8-86BC-E3D77C2B0467}.Release|x64.Build.0 = Release|x64
	EndGlobalSection
	GlobalSection(SolutionProperties) = preSolution
		HideSolutionNode = FALSE
	EndGlobalSection
	GlobalSection(ExtensibilityGlobals) = postSolution
		SolutionGuid = {8D4B90E3-457F-4ED1-8D25-9B40489DABAD}
	EndGlobalSection
EndGlobal
